// !$*UTF8*$!
{
	archiveVersion = 1;
	classes = {
	};
	objectVersion = 46;
	objects = {

/* Begin PBXBuildFile section */
		96B58CD41B5EF4C2001B383B /* main.m in Sources */ = {isa = PBXBuildFile; fileRef = 96B58CD31B5EF4C2001B383B /* main.m */; };
		96B58CD71B5EF4C2001B383B /* AppDelegate.m in Sources */ = {isa = PBXBuildFile; fileRef = 96B58CD61B5EF4C2001B383B /* AppDelegate.m */; };
		96B58CDA1B5EF4C2001B383B /* ViewController.m in Sources */ = {isa = PBXBuildFile; fileRef = 96B58CD91B5EF4C2001B383B /* ViewController.m */; };
		96B58CDD1B5EF4C2001B383B /* Main.storyboard in Resources */ = {isa = PBXBuildFile; fileRef = 96B58CDB1B5EF4C2001B383B /* Main.storyboard */; };
		96B58CDF1B5EF4C2001B383B /* Images.xcassets in Resources */ = {isa = PBXBuildFile; fileRef = 96B58CDE1B5EF4C2001B383B /* Images.xcassets */; };
		96B58CE21B5EF4C2001B383B /* LaunchScreen.xib in Resources */ = {isa = PBXBuildFile; fileRef = 96B58CE01B5EF4C2001B383B /* LaunchScreen.xib */; };
		96B58CEE1B5EF4C2001B383B /* MCMSTests.m in Sources */ = {isa = PBXBuildFile; fileRef = 96B58CED1B5EF4C2001B383B /* MCMSTests.m */; };
		96B58CF91B5EF687001B383B /* MagicalCreature.m in Sources */ = {isa = PBXBuildFile; fileRef = 96B58CF81B5EF687001B383B /* MagicalCreature.m */; };
		96B58CFD1B5F0483001B383B /* CreaturePropertiesViewController.m in Sources */ = {isa = PBXBuildFile; fileRef = 96B58CFC1B5F0483001B383B /* CreaturePropertiesViewController.m */; };
/* End PBXBuildFile section */

/* Begin PBXContainerItemProxy section */
		96B58CE81B5EF4C2001B383B /* PBXContainerItemProxy */ = {
			isa = PBXContainerItemProxy;
			containerPortal = 96B58CC61B5EF4C2001B383B /* Project object */;
			proxyType = 1;
			remoteGlobalIDString = 96B58CCD1B5EF4C2001B383B;
			remoteInfo = MCMS;
		};
/* End PBXContainerItemProxy section */

/* Begin PBXFileReference section */
		96B58CCE1B5EF4C2001B383B /* MCMS.app */ = {isa = PBXFileReference; explicitFileType = wrapper.application; includeInIndex = 0; path = MCMS.app; sourceTree = BUILT_PRODUCTS_DIR; };
		96B58CD21B5EF4C2001B383B /* Info.plist */ = {isa = PBXFileReference; lastKnownFileType = text.plist.xml; path = Info.plist; sourceTree = "<group>"; };
		96B58CD31B5EF4C2001B383B /* main.m */ = {isa = PBXFileReference; lastKnownFileType = sourcecode.c.objc; path = main.m; sourceTree = "<group>"; };
		96B58CD51B5EF4C2001B383B /* AppDelegate.h */ = {isa = PBXFileReference; lastKnownFileType = sourcecode.c.h; path = AppDelegate.h; sourceTree = "<group>"; };
		96B58CD61B5EF4C2001B383B /* AppDelegate.m */ = {isa = PBXFileReference; lastKnownFileType = sourcecode.c.objc; path = AppDelegate.m; sourceTree = "<group>"; };
		96B58CD81B5EF4C2001B383B /* ViewController.h */ = {isa = PBXFileReference; lastKnownFileType = sourcecode.c.h; path = ViewController.h; sourceTree = "<group>"; };
		96B58CD91B5EF4C2001B383B /* ViewController.m */ = {isa = PBXFileReference; lastKnownFileType = sourcecode.c.objc; path = ViewController.m; sourceTree = "<group>"; };
		96B58CDC1B5EF4C2001B383B /* Base */ = {isa = PBXFileReference; lastKnownFileType = file.storyboard; name = Base; path = Base.lproj/Main.storyboard; sourceTree = "<group>"; };
		96B58CDE1B5EF4C2001B383B /* Images.xcassets */ = {isa = PBXFileReference; lastKnownFileType = folder.assetcatalog; path = Images.xcassets; sourceTree = "<group>"; };
		96B58CE11B5EF4C2001B383B /* Base */ = {isa = PBXFileReference; lastKnownFileType = file.xib; name = Base; path = Base.lproj/LaunchScreen.xib; sourceTree = "<group>"; };
		96B58CE71B5EF4C2001B383B /* MCMSTests.xctest */ = {isa = PBXFileReference; explicitFileType = wrapper.cfbundle; includeInIndex = 0; path = MCMSTests.xctest; sourceTree = BUILT_PRODUCTS_DIR; };
		96B58CEC1B5EF4C2001B383B /* Info.plist */ = {isa = PBXFileReference; lastKnownFileType = text.plist.xml; path = Info.plist; sourceTree = "<group>"; };
		96B58CED1B5EF4C2001B383B /* MCMSTests.m */ = {isa = PBXFileReference; lastKnownFileType = sourcecode.c.objc; path = MCMSTests.m; sourceTree = "<group>"; };
		96B58CF71B5EF687001B383B /* MagicalCreature.h */ = {isa = PBXFileReference; fileEncoding = 4; lastKnownFileType = sourcecode.c.h; path = MagicalCreature.h; sourceTree = "<group>"; };
		96B58CF81B5EF687001B383B /* MagicalCreature.m */ = {isa = PBXFileReference; fileEncoding = 4; lastKnownFileType = sourcecode.c.objc; path = MagicalCreature.m; sourceTree = "<group>"; };
		96B58CFB1B5F0483001B383B /* CreaturePropertiesViewController.h */ = {isa = PBXFileReference; fileEncoding = 4; lastKnownFileType = sourcecode.c.h; path = CreaturePropertiesViewController.h; sourceTree = "<group>"; };
		96B58CFC1B5F0483001B383B /* CreaturePropertiesViewController.m */ = {isa = PBXFileReference; fileEncoding = 4; lastKnownFileType = sourcecode.c.objc; path = CreaturePropertiesViewController.m; sourceTree = "<group>"; };
/* End PBXFileReference section */

/* Begin PBXFrameworksBuildPhase section */
		96B58CCB1B5EF4C2001B383B /* Frameworks */ = {
			isa = PBXFrameworksBuildPhase;
			buildActionMask = 2147483647;
			files = (
			);
			runOnlyForDeploymentPostprocessing = 0;
		};
		96B58CE41B5EF4C2001B383B /* Frameworks */ = {
			isa = PBXFrameworksBuildPhase;
			buildActionMask = 2147483647;
			files = (
			);
			runOnlyForDeploymentPostprocessing = 0;
		};
/* End PBXFrameworksBuildPhase section */

/* Begin PBXGroup section */
		96B58CC51B5EF4C2001B383B = {
			isa = PBXGroup;
			children = (
				96B58CD01B5EF4C2001B383B /* MCMS */,
				96B58CEA1B5EF4C2001B383B /* MCMSTests */,
				96B58CCF1B5EF4C2001B383B /* Products */,
			);
			sourceTree = "<group>";
		};
		96B58CCF1B5EF4C2001B383B /* Products */ = {
			isa = PBXGroup;
			children = (
				96B58CCE1B5EF4C2001B383B /* MCMS.app */,
				96B58CE71B5EF4C2001B383B /* MCMSTests.xctest */,
			);
			name = Products;
			sourceTree = "<group>";
		};
		96B58CD01B5EF4C2001B383B /* MCMS */ = {
			isa = PBXGroup;
			children = (
				96B58CD51B5EF4C2001B383B /* AppDelegate.h */,
				96B58CD61B5EF4C2001B383B /* AppDelegate.m */,
				96B58CDB1B5EF4C2001B383B /* Main.storyboard */,
				96B58CFE1B5F0490001B383B /* View Controllers */,
				96B58CFA1B5EF68A001B383B /* Creature */,
				96B58CDE1B5EF4C2001B383B /* Images.xcassets */,
				96B58CE01B5EF4C2001B383B /* LaunchScreen.xib */,
				96B58CD11B5EF4C2001B383B /* Supporting Files */,
			);
			path = MCMS;
			sourceTree = "<group>";
		};
		96B58CD11B5EF4C2001B383B /* Supporting Files */ = {
			isa = PBXGroup;
			children = (
				96B58CD21B5EF4C2001B383B /* Info.plist */,
				96B58CD31B5EF4C2001B383B /* main.m */,
			);
			name = "Supporting Files";
			sourceTree = "<group>";
		};
		96B58CEA1B5EF4C2001B383B /* MCMSTests */ = {
			isa = PBXGroup;
			children = (
				96B58CED1B5EF4C2001B383B /* MCMSTests.m */,
				96B58CEB1B5EF4C2001B383B /* Supporting Files */,
			);
			path = MCMSTests;
			sourceTree = "<group>";
		};
		96B58CEB1B5EF4C2001B383B /* Supporting Files */ = {
			isa = PBXGroup;
			children = (
				96B58CEC1B5EF4C2001B383B /* Info.plist */,
			);
			name = "Supporting Files";
			sourceTree = "<group>";
		};
		96B58CFA1B5EF68A001B383B /* Creature */ = {
			isa = PBXGroup;
			children = (
				96B58CF71B5EF687001B383B /* MagicalCreature.h */,
				96B58CF81B5EF687001B383B /* MagicalCreature.m */,
			);
			name = Creature;
			sourceTree = "<group>";
		};
		96B58CFE1B5F0490001B383B /* View Controllers */ = {
			isa = PBXGroup;
			children = (
				96B58CD81B5EF4C2001B383B /* ViewController.h */,
				96B58CD91B5EF4C2001B383B /* ViewController.m */,
				96B58CFB1B5F0483001B383B /* CreaturePropertiesViewController.h */,
				96B58CFC1B5F0483001B383B /* CreaturePropertiesViewController.m */,
			);
			name = "View Controllers";
			sourceTree = "<group>";
		};
/* End PBXGroup section */

/* Begin PBXNativeTarget section */
		96B58CCD1B5EF4C2001B383B /* MCMS */ = {
			isa = PBXNativeTarget;
			buildConfigurationList = 96B58CF11B5EF4C2001B383B /* Build configuration list for PBXNativeTarget "MCMS" */;
			buildPhases = (
				96B58CCA1B5EF4C2001B383B /* Sources */,
				96B58CCB1B5EF4C2001B383B /* Frameworks */,
				96B58CCC1B5EF4C2001B383B /* Resources */,
			);
			buildRules = (
			);
			dependencies = (
			);
			name = MCMS;
			productName = MCMS;
			productReference = 96B58CCE1B5EF4C2001B383B /* MCMS.app */;
			productType = "com.apple.product-type.application";
		};
		96B58CE61B5EF4C2001B383B /* MCMSTests */ = {
			isa = PBXNativeTarget;
			buildConfigurationList = 96B58CF41B5EF4C2001B383B /* Build configuration list for PBXNativeTarget "MCMSTests" */;
			buildPhases = (
				96B58CE31B5EF4C2001B383B /* Sources */,
				96B58CE41B5EF4C2001B383B /* Frameworks */,
				96B58CE51B5EF4C2001B383B /* Resources */,
			);
			buildRules = (
			);
			dependencies = (
				96B58CE91B5EF4C2001B383B /* PBXTargetDependency */,
			);
			name = MCMSTests;
			productName = MCMSTests;
			productReference = 96B58CE71B5EF4C2001B383B /* MCMSTests.xctest */;
			productType = "com.apple.product-type.bundle.unit-test";
		};
/* End PBXNativeTarget section */

/* Begin PBXProject section */
		96B58CC61B5EF4C2001B383B /* Project object */ = {
			isa = PBXProject;
			attributes = {
				LastUpgradeCheck = 0630;
				ORGANIZATIONNAME = "Bradley Justice";
				TargetAttributes = {
					96B58CCD1B5EF4C2001B383B = {
						CreatedOnToolsVersion = 6.3.2;
					};
					96B58CE61B5EF4C2001B383B = {
						CreatedOnToolsVersion = 6.3.2;
						TestTargetID = 96B58CCD1B5EF4C2001B383B;
					};
				};
			};
			buildConfigurationList = 96B58CC91B5EF4C2001B383B /* Build configuration list for PBXProject "MCMS" */;
			compatibilityVersion = "Xcode 3.2";
			developmentRegion = English;
			hasScannedForEncodings = 0;
			knownRegions = (
				en,
				Base,
			);
			mainGroup = 96B58CC51B5EF4C2001B383B;
			productRefGroup = 96B58CCF1B5EF4C2001B383B /* Products */;
			projectDirPath = "";
			projectRoot = "";
			targets = (
				96B58CCD1B5EF4C2001B383B /* MCMS */,
				96B58CE61B5EF4C2001B383B /* MCMSTests */,
			);
		};
/* End PBXProject section */

/* Begin PBXResourcesBuildPhase section */
		96B58CCC1B5EF4C2001B383B /* Resources */ = {
			isa = PBXResourcesBuildPhase;
			buildActionMask = 2147483647;
			files = (
				96B58CDD1B5EF4C2001B383B /* Main.storyboard in Resources */,
				96B58CE21B5EF4C2001B383B /* LaunchScreen.xib in Resources */,
				96B58CDF1B5EF4C2001B383B /* Images.xcassets in Resources */,
			);
			runOnlyForDeploymentPostprocessing = 0;
		};
		96B58CE51B5EF4C2001B383B /* Resources */ = {
			isa = PBXResourcesBuildPhase;
			buildActionMask = 2147483647;
			files = (
			);
			runOnlyForDeploymentPostprocessing = 0;
		};
/* End PBXResourcesBuildPhase section */

/* Begin PBXSourcesBuildPhase section */
		96B58CCA1B5EF4C2001B383B /* Sources */ = {
			isa = PBXSourcesBuildPhase;
			buildActionMask = 2147483647;
			files = (
				96B58CDA1B5EF4C2001B383B /* ViewController.m in Sources */,
				96B58CF91B5EF687001B383B /* MagicalCreature.m in Sources */,
				96B58CD71B5EF4C2001B383B /* AppDelegate.m in Sources */,
				96B58CFD1B5F0483001B383B /* CreaturePropertiesViewController.m in Sources */,
				96B58CD41B5EF4C2001B383B /* main.m in Sources */,
			);
			runOnlyForDeploymentPostprocessing = 0;
		};
		96B58CE31B5EF4C2001B383B /* Sources */ = {
			isa = PBXSourcesBuildPhase;
			buildActionMask = 2147483647;
			files = (
				96B58CEE1B5EF4C2001B383B /* MCMSTests.m in Sources */,
			);
			runOnlyForDeploymentPostprocessing = 0;
		};
/* End PBXSourcesBuildPhase section */

/* Begin PBXTargetDependency section */
		96B58CE91B5EF4C2001B383B /* PBXTargetDependency */ = {
			isa = PBXTargetDependency;
			target = 96B58CCD1B5EF4C2001B383B /* MCMS */;
			targetProxy = 96B58CE81B5EF4C2001B383B /* PBXContainerItemProxy */;
		};
/* End PBXTargetDependency section */

/* Begin PBXVariantGroup section */
		96B58CDB1B5EF4C2001B383B /* Main.storyboard */ = {
			isa = PBXVariantGroup;
			children = (
				96B58CDC1B5EF4C2001B383B /* Base */,
			);
			name = Main.storyboard;
			sourceTree = "<group>";
		};
		96B58CE01B5EF4C2001B383B /* LaunchScreen.xib */ = {
			isa = PBXVariantGroup;
			children = (
				96B58CE11B5EF4C2001B383B /* Base */,
			);
			name = LaunchScreen.xib;
			sourceTree = "<group>";
		};
/* End PBXVariantGroup section */

/* Begin XCBuildConfiguration section */
		96B58CEF1B5EF4C2001B383B /* Debug */ = {
			isa = XCBuildConfiguration;
			buildSettings = {
				ALWAYS_SEARCH_USER_PATHS = NO;
				CLANG_CXX_LANGUAGE_STANDARD = "gnu++0x";
				CLANG_CXX_LIBRARY = "libc++";
				CLANG_ENABLE_MODULES = YES;
				CLANG_ENABLE_OBJC_ARC = YES;
				CLANG_WARN_BOOL_CONVERSION = YES;
				CLANG_WARN_CONSTANT_CONVERSION = YES;
				CLANG_WARN_DIRECT_OBJC_ISA_USAGE = YES_ERROR;
				CLANG_WARN_EMPTY_BODY = YES;
				CLANG_WARN_ENUM_CONVERSION = YES;
				CLANG_WARN_INT_CONVERSION = YES;
				CLANG_WARN_OBJC_ROOT_CLASS = YES_ERROR;
				CLANG_WARN_UNREACHABLE_CODE = YES;
				CLANG_WARN__DUPLICATE_METHOD_MATCH = YES;
				"CODE_SIGN_IDENTITY[sdk=iphoneos*]" = "iPhone Developer";
				COPY_PHASE_STRIP = NO;
				DEBUG_INFORMATION_FORMAT = "dwarf-with-dsym";
				ENABLE_STRICT_OBJC_MSGSEND = YES;
				GCC_C_LANGUAGE_STANDARD = gnu99;
				GCC_DYNAMIC_NO_PIC = NO;
				GCC_NO_COMMON_BLOCKS = YES;
				GCC_OPTIMIZATION_LEVEL = 0;
				GCC_PREPROCESSOR_DEFINITIONS = (
					"DEBUG=1",
					"$(inherited)",
				);
				GCC_SYMBOLS_PRIVATE_EXTERN = NO;
				GCC_WARN_64_TO_32_BIT_CONVERSION = YES;
				GCC_WARN_ABOUT_RETURN_TYPE = YES_ERROR;
				GCC_WARN_UNDECLARED_SELECTOR = YES;
				GCC_WARN_UNINITIALIZED_AUTOS = YES_AGGRESSIVE;
				GCC_WARN_UNUSED_FUNCTION = YES;
				GCC_WARN_UNUSED_VARIABLE = YES;
				IPHONEOS_DEPLOYMENT_TARGET = 8.3;
				MTL_ENABLE_DEBUG_INFO = YES;
				ONLY_ACTIVE_ARCH = YES;
				SDKROOT = iphoneos;
				TARGETED_DEVICE_FAMILY = "1,2";
			};
			name = Debug;
		};
		96B58CF01B5EF4C2001B383B /* Release */ = {
			isa = XCBuildConfiguration;
			buildSettings = {
				ALWAYS_SEARCH_USER_PATHS = NO;
				CLANG_CXX_LANGUAGE_STANDARD = "gnu++0x";
				CLANG_CXX_LIBRARY = "libc++";
				CLANG_ENABLE_MODULES = YES;
				CLANG_ENABLE_OBJC_ARC = YES;
				CLANG_WARN_BOOL_CONVERSION = YES;
				CLANG_WARN_CONSTANT_CONVERSION = YES;
				CLANG_WARN_DIRECT_OBJC_ISA_USAGE = YES_ERROR;
				CLANG_WARN_EMPTY_BODY = YES;
				CLANG_WARN_ENUM_CONVERSION = YES;
				CLANG_WARN_INT_CONVERSION = YES;
				CLANG_WARN_OBJC_ROOT_CLASS = YES_ERROR;
				CLANG_WARN_UNREACHABLE_CODE = YES;
				CLANG_WARN__DUPLICATE_METHOD_MATCH = YES;
				"CODE_SIGN_IDENTITY[sdk=iphoneos*]" = "iPhone Developer";
				COPY_PHASE_STRIP = NO;
				DEBUG_INFORMATION_FORMAT = "dwarf-with-dsym";
				ENABLE_NS_ASSERTIONS = NO;
				ENABLE_STRICT_OBJC_MSGSEND = YES;
				GCC_C_LANGUAGE_STANDARD = gnu99;
				GCC_NO_COMMON_BLOCKS = YES;
				GCC_WARN_64_TO_32_BIT_CONVERSION = YES;
				GCC_WARN_ABOUT_RETURN_TYPE = YES_ERROR;
				GCC_WARN_UNDECLARED_SELECTOR = YES;
				GCC_WARN_UNINITIALIZED_AUTOS = YES_AGGRESSIVE;
				GCC_WARN_UNUSED_FUNCTION = YES;
				GCC_WARN_UNUSED_VARIABLE = YES;
				IPHONEOS_DEPLOYMENT_TARGET = 8.3;
				MTL_ENABLE_DEBUG_INFO = NO;
				SDKROOT = iphoneos;
				TARGETED_DEVICE_FAMILY = "1,2";
				VALIDATE_PRODUCT = YES;
			};
			name = Release;
		};
		96B58CF21B5EF4C2001B383B /* Debug */ = {
			isa = XCBuildConfiguration;
			buildSettings = {
				ASSETCATALOG_COMPILER_APPICON_NAME = AppIcon;
				DEBUG_INFORMATION_FORMAT = dwarf;
				INFOPLIST_FILE = MCMS/Info.plist;
				LD_RUNPATH_SEARCH_PATHS = "$(inherited) @executable_path/Frameworks";
				PRODUCT_NAME = "$(TARGET_NAME)";
			};
			name = Debug;
		};
		96B58CF31B5EF4C2001B383B /* Release */ = {
			isa = XCBuildConfiguration;
			buildSettings = {
				ASSETCATALOG_COMPILER_APPICON_NAME = AppIcon;
				INFOPLIST_FILE = MCMS/Info.plist;
				LD_RUNPATH_SEARCH_PATHS = "$(inherited) @executable_path/Frameworks";
				PRODUCT_NAME = "$(TARGET_NAME)";
			};
			name = Release;
		};
		96B58CF51B5EF4C2001B383B /* Debug */ = {
			isa = XCBuildConfiguration;
			buildSettings = {
				BUNDLE_LOADER = "$(TEST_HOST)";
				FRAMEWORK_SEARCH_PATHS = (
					"$(SDKROOT)/Developer/Library/Frameworks",
					"$(inherited)",
				);
				GCC_PREPROCESSOR_DEFINITIONS = (
					"DEBUG=1",
					"$(inherited)",
				);
				INFOPLIST_FILE = MCMSTests/Info.plist;
				LD_RUNPATH_SEARCH_PATHS = "$(inherited) @executable_path/Frameworks @loader_path/Frameworks";
				PRODUCT_NAME = "$(TARGET_NAME)";
				TEST_HOST = "$(BUILT_PRODUCTS_DIR)/MCMS.app/MCMS";
			};
			name = Debug;
		};
		96B58CF61B5EF4C2001B383B /* Release */ = {
			isa = XCBuildConfiguration;
			buildSettings = {
				BUNDLE_LOADER = "$(TEST_HOST)";
				FRAMEWORK_SEARCH_PATHS = (
					"$(SDKROOT)/Developer/Library/Frameworks",
					"$(inherited)",
				);
				INFOPLIST_FILE = MCMSTests/Info.plist;
				LD_RUNPATH_SEARCH_PATHS = "$(inherited) @executable_path/Frameworks @loader_path/Frameworks";
				PRODUCT_NAME = "$(TARGET_NAME)";
				TEST_HOST = "$(BUILT_PRODUCTS_DIR)/MCMS.app/MCMS";
			};
			name = Release;
		};
/* End XCBuildConfiguration section */

/* Begin XCConfigurationList section */
		96B58CC91B5EF4C2001B383B /* Build configuration list for PBXProject "MCMS" */ = {
			isa = XCConfigurationList;
			buildConfigurations = (
				96B58CEF1B5EF4C2001B383B /* Debug */,
				96B58CF01B5EF4C2001B383B /* Release */,
			);
			defaultConfigurationIsVisible = 0;
			defaultConfigurationName = Release;
		};
		96B58CF11B5EF4C2001B383B /* Build configuration list for PBXNativeTarget "MCMS" */ = {
			isa = XCConfigurationList;
			buildConfigurations = (
				96B58CF21B5EF4C2001B383B /* Debug */,
				96B58CF31B5EF4C2001B383B /* Release */,
			);
			defaultConfigurationIsVisible = 0;
		};
		96B58CF41B5EF4C2001B383B /* Build configuration list for PBXNativeTarget "MCMSTests" */ = {
			isa = XCConfigurationList;
			buildConfigurations = (
				96B58CF51B5EF4C2001B383B /* Debug */,
				96B58CF61B5EF4C2001B383B /* Release */,
			);
			defaultConfigurationIsVisible = 0;
		};
/* End XCConfigurationList section */
	};
	rootObject = 96B58CC61B5EF4C2001B383B /* Project object */;
}
